
Microsoft Visual Studio Solution File, Format Version 12.00
# Visual Studio 15
VisualStudioVersion = 15.0.28107.0
MinimumVisualStudioVersion = 10.0.40219.1
Project("{FAE04EC0-301F-11D3-BF4B-00C04F79EFBC}") = "TestApp", "TestApp\TestApp.csproj", "{B3FAF07C-EDD5-4792-8BF7-37EFEBBA4702}"
EndProject
Global
	GlobalSection(SolutionConfigurationPlatforms) = preSolution
		Debug|Any CPU = Debug|Any CPU
		Release|Any CPU = Release|Any CPU
	EndGlobalSection
	GlobalSection(ProjectConfigurationPlatforms) = postSolution
		{B3FAF07C-EDD5-4792-8BF7-37EFEBBA4702}.Debug|Any CPU.ActiveCfg = Debug|Any CPU
		{B3FAF07C-EDD5-4792-8BF7-37EFEBBA4702}.Debug|Any CPU.Build.0 = Debug|Any CPU
		{B3FAF07C-EDD5-4792-8BF7-37EFEBBA4702}.Release|Any CPU.ActiveCfg = Release|Any CPU
		{B3FAF07C-EDD5-4792-8BF7-37EFEBBA4702}.Release|Any CPU.Build.0 = Release|Any CPU
	EndGlobalSection
	GlobalSection(SolutionProperties) = preSolution
		HideSolutionNode = FALSE
	EndGlobalSection
	GlobalSection(ExtensibilityGlobals) = postSolution
		SolutionGuid = {1D75CD82-14EA-4C42-A495-96CF83563E1A}
	EndGlobalSection
EndGlobal
